
Microsoft Visual Studio Solution File, Format Version 12.00
# Visual Studio Version 16
VisualStudioVersion = 16.0.31911.196
MinimumVisualStudioVersion = 10.0.40219.1
Project("{FAE04EC0-301F-11D3-BF4B-00C04F79EFBC}") = "5.1", "5.1\5.1.csproj", "{AAA02CB0-1E2D-4DF3-B9DE-ED3CEA79C732}"
EndProject
Global
	GlobalSection(SolutionConfigurationPlatforms) = preSolution
		Debug|Any CPU = Debug|Any CPU
		Release|Any CPU = Release|Any CPU
	EndGlobalSection
	GlobalSection(ProjectConfigurationPlatforms) = postSolution
		{AAA02CB0-1E2D-4DF3-B9DE-ED3CEA79C732}.Debug|Any CPU.ActiveCfg = Debug|Any CPU
		{AAA02CB0-1E2D-4DF3-B9DE-ED3CEA79C732}.Debug|Any CPU.Build.0 = Debug|Any CPU
		{AAA02CB0-1E2D-4DF3-B9DE-ED3CEA79C732}.Release|Any CPU.ActiveCfg = Release|Any CPU
		{AAA02CB0-1E2D-4DF3-B9DE-ED3CEA79C732}.Release|Any CPU.Build.0 = Release|Any CPU
	EndGlobalSection
	GlobalSection(SolutionProperties) = preSolution
		HideSolutionNode = FALSE
	EndGlobalSection
	GlobalSection(ExtensibilityGlobals) = postSolution
		SolutionGuid = {69CB7A74-F0FF-414A-B67B-434F2BF45FC1}
	EndGlobalSection
EndGlobal
